{
	"name": "coinstac-headless-client",
	"version": "6.4.0",
	"lockfileVersion": 2,
	"requires": true,
	"packages": {
		"": {
			"dependencies": {
				"@apollo/client": "^3.3.11",
				"axios": "^0.21.1",
				"cross-fetch": "^3.0.6",
				"csv-reader": "^1.0.7",
				"graphql": "^15.5.0",
				"lodash": "^4.17.21",
				"mkdirp": "^1.0.4",
				"subscriptions-transport-ws": "^0.10.0",
				"winston": "^3.3.3",
				"ws": "^7.5.4"
			}
		},
		"../coinstac-client-core": {
			"extraneous": true,
			"dependencies": {
				"ava": "^3.8.1",
				"axios": "^0.21.1",
				"convict": "^6.2.1",
				"csv-parse": "^4.4.3",
				"lodash": "^4.17.10",
				"mkdirp": "^0.5.1",
				"ncp": "^2.0.0",
				"nes": "^10.0.2",
				"nyc": "^15.0.1",
				"sinon": "^9.0.2",
				"winston": "^3.2.1"
			}
		},
		"../coinstac-common": {
			"version": "6.4.0",
			"extraneous": true,
			"license": "MIT",
			"dependencies": {
				"coinstac-manager": "^6.4.0",
				"joi": "^17.3.0"
			}
		},
		"../coinstac-graphql-schema": {
			"version": "6.4.0",
			"extraneous": true,
			"license": "ISC"
		},
		"../coinstac-manager": {
			"version": "6.4.0",
			"extraneous": true,
			"license": "ISC",
			"dependencies": {
				"debug": "^4.3.2",
				"dockerode": "^2.5.5",
				"lodash": "^4.17.10",
				"portscanner": "^2.2.0",
				"request-stream": "^1.2.2",
				"socket.io": "^4.4.0",
				"socket.io-stream": "^0.9.1",
				"util": "^0.10.4",
				"winston": "^3.2.1",
				"ws": "^7.2.3"
			},
			"devDependencies": {
				"ava": "^3.15.0",
				"get-stdin": "^6.0.0",
				"nyc": "^15.0.1",
				"sinon": "^9.0.2",
				"trace": "^3.1.0"
			}
		},
		"../coinstac-pipeline": {
			"version": "6.4.4",
			"extraneous": true,
			"license": "MIT",
			"dependencies": {
				"archiver": "^3.1.1",
				"coinstac-manager": "^6.4.0",
				"debug": "^4.2.0",
				"decompress": "^4.2.0",
				"express": "^4.17.1",
				"form-data": "^2.5.0",
				"lodash": "^4.17.10",
				"merge2": "^1.4.1",
				"mkdirp": "^0.5.1",
				"mqtt": "^4.1.0",
				"multer": "^1.4.2",
				"mv": "^2.1.1",
				"rimraf": "^3.0.2",
				"tar-fs": "^2.1.0",
				"uuid": "^8.3.2",
				"winston": "^3.2.1"
			},
			"devDependencies": {
				"ava": "^3.15.0",
				"clarify": "^2.1.0",
				"nyc": "^15.1.0",
				"trace": "^3.1.0"
			}
		},
		"node_modules/@apollo/client": {
			"version": "3.3.11",
			"license": "MIT",
			"dependencies": {
				"@graphql-typed-document-node/core": "^3.0.0",
				"@types/zen-observable": "^0.8.0",
				"@wry/context": "^0.5.2",
				"@wry/equality": "^0.3.0",
				"fast-json-stable-stringify": "^2.0.0",
				"graphql-tag": "^2.12.0",
				"hoist-non-react-statics": "^3.3.2",
				"optimism": "^0.14.0",
				"prop-types": "^15.7.2",
				"symbol-observable": "^2.0.0",
				"ts-invariant": "^0.6.0",
				"tslib": "^1.10.0",
				"zen-observable": "^0.8.14"
			},
			"peerDependencies": {
				"graphql": "^14.0.0 || ^15.0.0",
				"react": "^16.8.0 || ^17.0.0",
				"subscriptions-transport-ws": "^0.9.0"
			},
			"peerDependenciesMeta": {
				"react": {
					"optional": true
				},
				"subscriptions-transport-ws": {
					"optional": true
				}
			}
		},
		"node_modules/@dabh/diagnostics": {
			"version": "2.0.2",
			"license": "MIT",
			"dependencies": {
				"colorspace": "1.1.x",
				"enabled": "2.0.x",
				"kuler": "^2.0.0"
			}
		},
		"node_modules/@graphql-typed-document-node/core": {
			"version": "3.1.0",
			"license": "MIT",
			"peerDependencies": {
				"graphql": "^0.8.0 || ^0.9.0 || ^0.10.0 || ^0.11.0 || ^0.12.0 || ^0.13.0 || ^14.0.0 || ^15.0.0"
			}
		},
		"node_modules/@types/ungap__global-this": {
			"version": "0.3.1",
			"license": "MIT"
		},
		"node_modules/@types/zen-observable": {
			"version": "0.8.2",
			"license": "MIT"
		},
		"node_modules/@ungap/global-this": {
			"version": "0.4.4",
			"license": "ISC"
		},
		"node_modules/@wry/context": {
			"version": "0.5.4",
			"license": "MIT",
			"dependencies": {
				"tslib": "^1.14.1"
			},
			"engines": {
				"node": ">=8"
			}
		},
		"node_modules/@wry/equality": {
			"version": "0.3.3",
			"license": "MIT",
			"dependencies": {
				"tslib": "^1.14.1"
			},
			"engines": {
				"node": ">=8"
			}
		},
		"node_modules/@wry/trie": {
			"version": "0.2.2",
			"license": "MIT",
			"dependencies": {
				"tslib": "^1.14.1"
			},
			"engines": {
				"node": ">=8"
			}
		},
		"node_modules/async": {
			"version": "3.2.0",
			"license": "MIT"
		},
		"node_modules/axios": {
			"version": "0.21.2",
			"license": "MIT",
			"dependencies": {
				"follow-redirects": "^1.14.0"
			}
		},
		"node_modules/backo2": {
			"version": "1.0.2",
			"license": "MIT"
		},
		"node_modules/color": {
			"version": "3.0.0",
			"license": "MIT",
			"dependencies": {
				"color-convert": "^1.9.1",
				"color-string": "^1.5.2"
			}
		},
		"node_modules/color-convert": {
			"version": "1.9.3",
			"license": "MIT",
			"dependencies": {
				"color-name": "1.1.3"
			}
		},
		"node_modules/color-name": {
			"version": "1.1.3",
			"license": "MIT"
		},
		"node_modules/color-string": {
			"version": "1.5.4",
			"license": "MIT",
			"dependencies": {
				"color-name": "^1.0.0",
				"simple-swizzle": "^0.2.2"
			}
		},
		"node_modules/colors": {
			"version": "1.4.0",
			"license": "MIT",
			"engines": {
				"node": ">=0.1.90"
			}
		},
		"node_modules/colorspace": {
			"version": "1.1.2",
			"license": "MIT",
			"dependencies": {
				"color": "3.0.x",
				"text-hex": "1.0.x"
			}
		},
		"node_modules/core-util-is": {
			"version": "1.0.2",
			"license": "MIT"
		},
		"node_modules/cross-fetch": {
			"version": "3.1.5",
			"resolved": "https://registry.npmjs.org/cross-fetch/-/cross-fetch-3.1.5.tgz",
			"integrity": "sha512-lvb1SBsI0Z7GDwmuid+mU3kWVBwTVUbe7S0H52yaaAdQOXq2YktTCZdlAcNKFzE6QtRz0snpw9bNiPeOIkkQvw==",
			"dependencies": {
				"node-fetch": "2.6.7"
			}
		},
		"node_modules/csv-reader": {
			"version": "1.0.7",
			"license": "MIT",
			"engines": {
				"node": ">=8.0.0"
			}
		},
		"node_modules/enabled": {
			"version": "2.0.0",
			"license": "MIT"
		},
		"node_modules/eventemitter3": {
			"version": "3.1.2",
			"license": "MIT"
		},
		"node_modules/fast-json-stable-stringify": {
			"version": "2.1.0",
			"license": "MIT"
		},
		"node_modules/fast-safe-stringify": {
			"version": "2.0.7",
			"license": "MIT"
		},
		"node_modules/fecha": {
			"version": "4.2.0",
			"license": "MIT"
		},
		"node_modules/fn.name": {
			"version": "1.1.0",
			"license": "MIT"
		},
		"node_modules/follow-redirects": {
			"version": "1.14.8",
			"funding": [
				{
					"type": "individual",
					"url": "https://github.com/sponsors/RubenVerborgh"
				}
			],
			"license": "MIT",
			"engines": {
				"node": ">=4.0"
			},
			"peerDependenciesMeta": {
				"debug": {
					"optional": true
				}
			}
		},
		"node_modules/graphql": {
			"version": "15.5.0",
			"license": "MIT",
			"engines": {
				"node": ">= 10.x"
			}
		},
		"node_modules/graphql-tag": {
			"version": "2.12.1",
			"license": "MIT",
			"dependencies": {
				"tslib": "^1.14.1"
			},
			"engines": {
				"node": ">=10"
			},
			"peerDependencies": {
				"graphql": "^0.9.0 || ^0.10.0 || ^0.11.0 || ^0.12.0 || ^0.13.0 || ^14.0.0 || ^15.0.0"
			}
		},
		"node_modules/hoist-non-react-statics": {
			"version": "3.3.2",
			"license": "BSD-3-Clause",
			"dependencies": {
				"react-is": "^16.7.0"
			}
		},
		"node_modules/inherits": {
			"version": "2.0.4",
			"license": "ISC"
		},
		"node_modules/is-arrayish": {
			"version": "0.3.2",
			"license": "MIT"
		},
		"node_modules/is-stream": {
			"version": "2.0.0",
			"license": "MIT",
			"engines": {
				"node": ">=8"
			}
		},
		"node_modules/isarray": {
			"version": "1.0.0",
			"license": "MIT"
		},
		"node_modules/iterall": {
			"version": "1.3.0",
			"license": "MIT"
		},
		"node_modules/js-tokens": {
			"version": "4.0.0",
			"license": "MIT"
		},
		"node_modules/kuler": {
			"version": "2.0.0",
			"license": "MIT"
		},
		"node_modules/lodash": {
			"version": "4.17.21",
			"resolved": "https://registry.npmjs.org/lodash/-/lodash-4.17.21.tgz",
			"integrity": "sha512-v2kDEe57lecTulaDIuNTPy3Ry4gLGJ6Z1O3vE1krgXZNrsQ+LFTGHVxVjcXPs17LhbZVGedAJv8XZ1tvj5FvSg=="
		},
		"node_modules/logform": {
			"version": "2.2.0",
			"license": "MIT",
			"dependencies": {
				"colors": "^1.2.1",
				"fast-safe-stringify": "^2.0.4",
				"fecha": "^4.2.0",
				"ms": "^2.1.1",
				"triple-beam": "^1.3.0"
			}
		},
		"node_modules/loose-envify": {
			"version": "1.4.0",
			"license": "MIT",
			"dependencies": {
				"js-tokens": "^3.0.0 || ^4.0.0"
			},
			"bin": {
				"loose-envify": "cli.js"
			}
		},
		"node_modules/mkdirp": {
			"version": "1.0.4",
			"license": "MIT",
			"bin": {
				"mkdirp": "bin/cmd.js"
			},
			"engines": {
				"node": ">=10"
			}
		},
		"node_modules/ms": {
			"version": "2.1.3",
			"license": "MIT"
		},
		"node_modules/node-fetch": {
			"version": "2.6.7",
			"resolved": "https://registry.npmjs.org/node-fetch/-/node-fetch-2.6.7.tgz",
			"integrity": "sha512-ZjMPFEfVx5j+y2yF35Kzx5sF7kDzxuDj6ziH4FFbOp87zKDZNx8yExJIb05OGF4Nlt9IHFIMBkRl41VdvcNdbQ==",
			"dependencies": {
				"whatwg-url": "^5.0.0"
			},
			"engines": {
				"node": "4.x || >=6.0.0"
			},
			"peerDependencies": {
				"encoding": "^0.1.0"
			},
			"peerDependenciesMeta": {
				"encoding": {
					"optional": true
				}
			}
		},
		"node_modules/object-assign": {
			"version": "4.1.1",
			"license": "MIT",
			"engines": {
				"node": ">=0.10.0"
			}
		},
		"node_modules/one-time": {
			"version": "1.0.0",
			"license": "MIT",
			"dependencies": {
				"fn.name": "1.x.x"
			}
		},
		"node_modules/optimism": {
			"version": "0.14.0",
			"license": "MIT",
			"dependencies": {
				"@wry/context": "^0.5.2",
				"@wry/trie": "^0.2.1"
			}
		},
		"node_modules/process-nextick-args": {
			"version": "2.0.1",
			"license": "MIT"
		},
		"node_modules/prop-types": {
			"version": "15.7.2",
			"license": "MIT",
			"dependencies": {
				"loose-envify": "^1.4.0",
				"object-assign": "^4.1.1",
				"react-is": "^16.8.1"
			}
		},
		"node_modules/react-is": {
			"version": "16.13.1",
			"license": "MIT"
		},
		"node_modules/readable-stream": {
			"version": "3.6.0",
			"license": "MIT",
			"dependencies": {
				"inherits": "^2.0.3",
				"string_decoder": "^1.1.1",
				"util-deprecate": "^1.0.1"
			},
			"engines": {
				"node": ">= 6"
			}
		},
		"node_modules/safe-buffer": {
			"version": "5.2.1",
			"funding": [
				{
					"type": "github",
					"url": "https://github.com/sponsors/feross"
				},
				{
					"type": "patreon",
					"url": "https://www.patreon.com/feross"
				},
				{
					"type": "consulting",
					"url": "https://feross.org/support"
				}
			],
			"license": "MIT"
		},
		"node_modules/simple-swizzle": {
			"version": "0.2.2",
			"license": "MIT",
			"dependencies": {
				"is-arrayish": "^0.3.1"
			}
		},
		"node_modules/stack-trace": {
			"version": "0.0.10",
			"license": "MIT",
			"engines": {
				"node": "*"
			}
		},
		"node_modules/string_decoder": {
			"version": "1.3.0",
			"license": "MIT",
			"dependencies": {
				"safe-buffer": "~5.2.0"
			}
		},
		"node_modules/subscriptions-transport-ws": {
			"version": "0.10.0",
			"license": "MIT",
			"dependencies": {
				"backo2": "^1.0.2",
				"eventemitter3": "^3.1.0",
				"iterall": "^1.2.1",
				"symbol-observable": "^1.0.4",
				"ws": "^5.2.0 || ^6.0.0 || ^7.0.0"
			},
			"peerDependencies": {
				"graphql": ">=0.10.0"
			}
		},
		"node_modules/subscriptions-transport-ws/node_modules/symbol-observable": {
			"version": "1.2.0",
			"license": "MIT",
			"engines": {
				"node": ">=0.10.0"
			}
		},
		"node_modules/symbol-observable": {
			"version": "2.0.3",
			"license": "MIT",
			"engines": {
				"node": ">=0.10"
			}
		},
		"node_modules/text-hex": {
			"version": "1.0.0",
			"license": "MIT"
		},
		"node_modules/tr46": {
			"version": "0.0.3",
			"resolved": "https://registry.npmjs.org/tr46/-/tr46-0.0.3.tgz",
			"integrity": "sha1-gYT9NH2snNwYWZLzpmIuFLnZq2o="
		},
		"node_modules/triple-beam": {
			"version": "1.3.0",
			"license": "MIT"
		},
		"node_modules/ts-invariant": {
			"version": "0.6.1",
			"license": "MIT",
			"dependencies": {
				"@types/ungap__global-this": "^0.3.1",
				"@ungap/global-this": "^0.4.2",
				"tslib": "^1.9.3"
			},
			"engines": {
				"node": ">=8"
			}
		},
		"node_modules/tslib": {
			"version": "1.14.1",
			"license": "0BSD"
		},
		"node_modules/util-deprecate": {
			"version": "1.0.2",
			"license": "MIT"
		},
		"node_modules/webidl-conversions": {
			"version": "3.0.1",
			"resolved": "https://registry.npmjs.org/webidl-conversions/-/webidl-conversions-3.0.1.tgz",
			"integrity": "sha1-JFNCdeKnvGvnvIZhHMFq4KVlSHE="
		},
		"node_modules/whatwg-url": {
			"version": "5.0.0",
			"resolved": "https://registry.npmjs.org/whatwg-url/-/whatwg-url-5.0.0.tgz",
			"integrity": "sha1-lmRU6HZUYuN2RNNib2dCzotwll0=",
			"dependencies": {
				"tr46": "~0.0.3",
				"webidl-conversions": "^3.0.0"
			}
		},
		"node_modules/winston": {
			"version": "3.3.3",
			"license": "MIT",
			"dependencies": {
				"@dabh/diagnostics": "^2.0.2",
				"async": "^3.1.0",
				"is-stream": "^2.0.0",
				"logform": "^2.2.0",
				"one-time": "^1.0.0",
				"readable-stream": "^3.4.0",
				"stack-trace": "0.0.x",
				"triple-beam": "^1.3.0",
				"winston-transport": "^4.4.0"
			},
			"engines": {
				"node": ">= 6.4.0"
			}
		},
		"node_modules/winston-transport": {
			"version": "4.4.0",
			"license": "MIT",
			"dependencies": {
				"readable-stream": "^2.3.7",
				"triple-beam": "^1.2.0"
			},
			"engines": {
				"node": ">= 6.4.0"
			}
		},
		"node_modules/winston-transport/node_modules/readable-stream": {
			"version": "2.3.7",
			"license": "MIT",
			"dependencies": {
				"core-util-is": "~1.0.0",
				"inherits": "~2.0.3",
				"isarray": "~1.0.0",
				"process-nextick-args": "~2.0.0",
				"safe-buffer": "~5.1.1",
				"string_decoder": "~1.1.1",
				"util-deprecate": "~1.0.1"
			}
		},
		"node_modules/winston-transport/node_modules/safe-buffer": {
			"version": "5.1.2",
			"license": "MIT"
		},
		"node_modules/winston-transport/node_modules/string_decoder": {
			"version": "1.1.1",
			"license": "MIT",
			"dependencies": {
				"safe-buffer": "~5.1.0"
			}
		},
		"node_modules/ws": {
			"version": "7.5.4",
			"license": "MIT",
			"engines": {
				"node": ">=8.3.0"
			},
			"peerDependencies": {
				"bufferutil": "^4.0.1",
				"utf-8-validate": "^5.0.2"
			},
			"peerDependenciesMeta": {
				"bufferutil": {
					"optional": true
				},
				"utf-8-validate": {
					"optional": true
				}
			}
		},
		"node_modules/zen-observable": {
			"version": "0.8.15",
			"license": "MIT"
		}
	},
	"dependencies": {
		"@apollo/client": {
			"version": "3.3.11",
			"requires": {
				"@graphql-typed-document-node/core": "^3.0.0",
				"@types/zen-observable": "^0.8.0",
				"@wry/context": "^0.5.2",
				"@wry/equality": "^0.3.0",
				"fast-json-stable-stringify": "^2.0.0",
				"graphql-tag": "^2.12.0",
				"hoist-non-react-statics": "^3.3.2",
				"optimism": "^0.14.0",
				"prop-types": "^15.7.2",
				"symbol-observable": "^2.0.0",
				"ts-invariant": "^0.6.0",
				"tslib": "^1.10.0",
				"zen-observable": "^0.8.14"
			}
		},
		"@dabh/diagnostics": {
			"version": "2.0.2",
			"requires": {
				"colorspace": "1.1.x",
				"enabled": "2.0.x",
				"kuler": "^2.0.0"
			}
		},
		"@graphql-typed-document-node/core": {
			"version": "3.1.0",
			"requires": {}
		},
		"@types/ungap__global-this": {
			"version": "0.3.1"
		},
		"@types/zen-observable": {
			"version": "0.8.2"
		},
		"@ungap/global-this": {
			"version": "0.4.4"
		},
		"@wry/context": {
			"version": "0.5.4",
			"requires": {
				"tslib": "^1.14.1"
			}
		},
		"@wry/equality": {
			"version": "0.3.3",
			"requires": {
				"tslib": "^1.14.1"
			}
		},
		"@wry/trie": {
			"version": "0.2.2",
			"requires": {
				"tslib": "^1.14.1"
			}
		},
		"async": {
			"version": "3.2.0"
		},
		"axios": {
			"version": "0.21.2",
			"requires": {
				"follow-redirects": "^1.14.0"
			}
		},
		"backo2": {
			"version": "1.0.2"
		},
		"color": {
			"version": "3.0.0",
			"requires": {
				"color-convert": "^1.9.1",
				"color-string": "^1.5.2"
			}
		},
		"color-convert": {
			"version": "1.9.3",
			"requires": {
				"color-name": "1.1.3"
			}
		},
		"color-name": {
			"version": "1.1.3"
		},
		"color-string": {
			"version": "1.5.4",
			"requires": {
				"color-name": "^1.0.0",
				"simple-swizzle": "^0.2.2"
			}
		},
		"colors": {
			"version": "1.4.0"
		},
		"colorspace": {
			"version": "1.1.2",
			"requires": {
				"color": "3.0.x",
				"text-hex": "1.0.x"
			}
		},
		"core-util-is": {
			"version": "1.0.2"
		},
		"cross-fetch": {
			"version": "3.1.5",
			"resolved": "https://registry.npmjs.org/cross-fetch/-/cross-fetch-3.1.5.tgz",
			"integrity": "sha512-lvb1SBsI0Z7GDwmuid+mU3kWVBwTVUbe7S0H52yaaAdQOXq2YktTCZdlAcNKFzE6QtRz0snpw9bNiPeOIkkQvw==",
			"requires": {
				"node-fetch": "2.6.7"
			}
		},
		"csv-reader": {
			"version": "1.0.7"
		},
		"enabled": {
			"version": "2.0.0"
		},
		"eventemitter3": {
			"version": "3.1.2"
		},
		"fast-json-stable-stringify": {
			"version": "2.1.0"
		},
		"fast-safe-stringify": {
			"version": "2.0.7"
		},
		"fecha": {
			"version": "4.2.0"
		},
		"fn.name": {
			"version": "1.1.0"
		},
		"follow-redirects": {
			"version": "1.14.8"
		},
		"graphql": {
			"version": "15.5.0"
		},
		"graphql-tag": {
			"version": "2.12.1",
			"requires": {
				"tslib": "^1.14.1"
			}
		},
		"hoist-non-react-statics": {
			"version": "3.3.2",
			"requires": {
				"react-is": "^16.7.0"
			}
		},
		"inherits": {
			"version": "2.0.4"
		},
		"is-arrayish": {
			"version": "0.3.2"
		},
		"is-stream": {
			"version": "2.0.0"
		},
		"isarray": {
			"version": "1.0.0"
		},
		"iterall": {
			"version": "1.3.0"
		},
		"js-tokens": {
			"version": "4.0.0"
		},
		"kuler": {
			"version": "2.0.0"
		},
		"lodash": {
			"version": "4.17.21",
			"resolved": "https://registry.npmjs.org/lodash/-/lodash-4.17.21.tgz",
			"integrity": "sha512-v2kDEe57lecTulaDIuNTPy3Ry4gLGJ6Z1O3vE1krgXZNrsQ+LFTGHVxVjcXPs17LhbZVGedAJv8XZ1tvj5FvSg=="
		},
		"logform": {
			"version": "2.2.0",
			"requires": {
				"colors": "^1.2.1",
				"fast-safe-stringify": "^2.0.4",
				"fecha": "^4.2.0",
				"ms": "^2.1.1",
				"triple-beam": "^1.3.0"
			}
		},
		"loose-envify": {
			"version": "1.4.0",
			"requires": {
				"js-tokens": "^3.0.0 || ^4.0.0"
			}
		},
		"mkdirp": {
			"version": "1.0.4"
		},
		"ms": {
			"version": "2.1.3"
		},
		"node-fetch": {
			"version": "2.6.7",
			"resolved": "https://registry.npmjs.org/node-fetch/-/node-fetch-2.6.7.tgz",
			"integrity": "sha512-ZjMPFEfVx5j+y2yF35Kzx5sF7kDzxuDj6ziH4FFbOp87zKDZNx8yExJIb05OGF4Nlt9IHFIMBkRl41VdvcNdbQ==",
			"requires": {
				"whatwg-url": "^5.0.0"
			}
		},
		"object-assign": {
			"version": "4.1.1"
		},
		"one-time": {
			"version": "1.0.0",
			"requires": {
				"fn.name": "1.x.x"
			}
		},
		"optimism": {
			"version": "0.14.0",
			"requires": {
				"@wry/context": "^0.5.2",
				"@wry/trie": "^0.2.1"
			}
		},
		"process-nextick-args": {
			"version": "2.0.1"
		},
		"prop-types": {
			"version": "15.7.2",
			"requires": {
				"loose-envify": "^1.4.0",
				"object-assign": "^4.1.1",
				"react-is": "^16.8.1"
			}
		},
		"react-is": {
			"version": "16.13.1"
		},
		"readable-stream": {
			"version": "3.6.0",
			"requires": {
				"inherits": "^2.0.3",
				"string_decoder": "^1.1.1",
				"util-deprecate": "^1.0.1"
			}
		},
		"safe-buffer": {
			"version": "5.2.1"
		},
		"simple-swizzle": {
			"version": "0.2.2",
			"requires": {
				"is-arrayish": "^0.3.1"
			}
		},
		"stack-trace": {
			"version": "0.0.10"
		},
		"string_decoder": {
			"version": "1.3.0",
			"requires": {
				"safe-buffer": "~5.2.0"
			}
		},
		"subscriptions-transport-ws": {
			"version": "0.10.0",
			"requires": {
				"backo2": "^1.0.2",
				"eventemitter3": "^3.1.0",
				"iterall": "^1.2.1",
				"symbol-observable": "^1.0.4",
				"ws": "^5.2.0 || ^6.0.0 || ^7.0.0"
			},
			"dependencies": {
				"symbol-observable": {
					"version": "1.2.0"
				}
			}
		},
		"symbol-observable": {
			"version": "2.0.3"
		},
		"text-hex": {
			"version": "1.0.0"
		},
		"tr46": {
			"version": "0.0.3",
			"resolved": "https://registry.npmjs.org/tr46/-/tr46-0.0.3.tgz",
			"integrity": "sha1-gYT9NH2snNwYWZLzpmIuFLnZq2o="
		},
		"triple-beam": {
			"version": "1.3.0"
		},
		"ts-invariant": {
			"version": "0.6.1",
			"requires": {
				"@types/ungap__global-this": "^0.3.1",
				"@ungap/global-this": "^0.4.2",
				"tslib": "^1.9.3"
			}
		},
		"tslib": {
			"version": "1.14.1"
		},
		"util-deprecate": {
			"version": "1.0.2"
		},
		"webidl-conversions": {
			"version": "3.0.1",
			"resolved": "https://registry.npmjs.org/webidl-conversions/-/webidl-conversions-3.0.1.tgz",
			"integrity": "sha1-JFNCdeKnvGvnvIZhHMFq4KVlSHE="
		},
		"whatwg-url": {
			"version": "5.0.0",
			"resolved": "https://registry.npmjs.org/whatwg-url/-/whatwg-url-5.0.0.tgz",
			"integrity": "sha1-lmRU6HZUYuN2RNNib2dCzotwll0=",
			"requires": {
				"tr46": "~0.0.3",
				"webidl-conversions": "^3.0.0"
			}
		},
		"winston": {
			"version": "3.3.3",
			"requires": {
				"@dabh/diagnostics": "^2.0.2",
				"async": "^3.1.0",
				"is-stream": "^2.0.0",
				"logform": "^2.2.0",
				"one-time": "^1.0.0",
				"readable-stream": "^3.4.0",
				"stack-trace": "0.0.x",
				"triple-beam": "^1.3.0",
				"winston-transport": "^4.4.0"
			}
		},
		"winston-transport": {
			"version": "4.4.0",
			"requires": {
				"readable-stream": "^2.3.7",
				"triple-beam": "^1.2.0"
			},
			"dependencies": {
				"readable-stream": {
					"version": "2.3.7",
					"requires": {
						"core-util-is": "~1.0.0",
						"inherits": "~2.0.3",
						"isarray": "~1.0.0",
						"process-nextick-args": "~2.0.0",
						"safe-buffer": "~5.1.1",
						"string_decoder": "~1.1.1",
						"util-deprecate": "~1.0.1"
					}
				},
				"safe-buffer": {
					"version": "5.1.2"
				},
				"string_decoder": {
					"version": "1.1.1",
					"requires": {
						"safe-buffer": "~5.1.0"
					}
				}
			}
		},
		"ws": {
			"version": "7.5.4",
			"requires": {}
		},
		"zen-observable": {
			"version": "0.8.15"
		}
	}
}
