{
	"requires": true,
	"lockfileVersion": 1,
	"dependencies": {
		"accept": {
			"version": "2.1.4",
			"resolved": "https://registry.npmjs.org/accept/-/accept-2.1.4.tgz",
			"integrity": "sha1-iHr1TO7lx/RDBGGXHsQAxh0JrLs=",
			"requires": {
				"boom": "5.2.0",
				"hoek": "4.2.0"
			}
		},
		"ammo": {
			"version": "2.0.4",
			"resolved": "https://registry.npmjs.org/ammo/-/ammo-2.0.4.tgz",
			"integrity": "sha1-v4CqshFpjqePY+9efxE91dnokX8=",
			"requires": {
				"boom": "5.2.0",
				"hoek": "4.2.0"
			}
		},
		"b64": {
			"version": "3.0.3",
			"resolved": "https://registry.npmjs.org/b64/-/b64-3.0.3.tgz",
			"integrity": "sha512-Pbeh0i6OLubPJdIdCepn8ZQHwN2MWznZHbHABSTEfQ706ie+yuxNSaPdqX1xRatT6WanaS1EazMiSg0NUW2XxQ=="
		},
		"boom": {
			"version": "5.2.0",
			"resolved": "https://registry.npmjs.org/boom/-/boom-5.2.0.tgz",
			"integrity": "sha512-Z5BTk6ZRe4tXXQlkqftmsAUANpXmuwlsF5Oov8ThoMbQRzdGTA1ngYRW160GexgOgjsFOKJz0LYhoNi+2AMBUw==",
			"requires": {
				"hoek": "4.2.0"
			}
		},
		"call": {
			"version": "4.0.2",
			"resolved": "https://registry.npmjs.org/call/-/call-4.0.2.tgz",
			"integrity": "sha1-33b19R7o3Ui4VqyEAPfmnm1zmcQ=",
			"requires": {
				"boom": "5.2.0",
				"hoek": "4.2.0"
			}
		},
		"catbox": {
			"version": "7.1.5",
			"resolved": "https://registry.npmjs.org/catbox/-/catbox-7.1.5.tgz",
			"integrity": "sha512-4fui5lELzqZ+9cnaAP/BcqXTH6LvWLBRtFhJ0I4FfgfXiSaZcf6k9m9dqOyChiTxNYtvLk7ZMYSf7ahMq3bf5A==",
			"requires": {
				"boom": "5.2.0",
				"hoek": "4.2.0",
				"joi": "10.6.0"
			},
			"dependencies": {
				"joi": {
					"version": "10.6.0",
					"resolved": "https://registry.npmjs.org/joi/-/joi-10.6.0.tgz",
					"integrity": "sha512-hBF3LcqyAid+9X/pwg+eXjD2QBZI5eXnBFJYaAkH4SK3mp9QSRiiQnDYlmlz5pccMvnLcJRS4whhDOTCkmsAdQ==",
					"requires": {
						"hoek": "4.2.0",
						"isemail": "2.2.1",
						"items": "2.1.1",
						"topo": "2.0.2"
					}
				}
			}
		},
		"catbox-memory": {
			"version": "2.0.4",
			"resolved": "https://registry.npmjs.org/catbox-memory/-/catbox-memory-2.0.4.tgz",
			"integrity": "sha1-Qz4lWQLK9UIz0ShkKcj03xToItU=",
			"requires": {
				"hoek": "4.2.0"
			}
		},
		"content": {
			"version": "3.0.6",
			"resolved": "https://registry.npmjs.org/content/-/content-3.0.6.tgz",
			"integrity": "sha512-tyl3fRp8jOHsQR0X9vrIy0mKQccv0tA9/RlvLl514eA7vHOJr/TnmMTpgQjInwbeW9IOQVy0OECGAuQNUa0nnQ==",
			"requires": {
				"boom": "5.2.0"
			}
		},
		"cryptiles": {
			"version": "3.1.2",
			"resolved": "https://registry.npmjs.org/cryptiles/-/cryptiles-3.1.2.tgz",
			"integrity": "sha1-qJ+7Ig9c4l7FboxKqKT9e1sNKf4=",
			"requires": {
				"boom": "5.2.0"
			}
		},
		"hapi": {
			"version": "16.6.2",
			"resolved": "https://registry.npmjs.org/hapi/-/hapi-16.6.2.tgz",
			"integrity": "sha512-DBeIsge8nn3rBSFGX/btOwwkkVIMTuWHIkkiWtRAq8IHxhBfmVSewPm4BprU50PQjncQFw44JTN77l/pMKVHlA==",
			"requires": {
				"accept": "2.1.4",
				"ammo": "2.0.4",
				"boom": "5.2.0",
				"call": "4.0.2",
				"catbox": "7.1.5",
				"catbox-memory": "2.0.4",
				"cryptiles": "3.1.2",
				"heavy": "4.0.4",
				"hoek": "4.2.0",
				"iron": "4.0.5",
				"items": "2.1.1",
				"joi": "11.4.0",
				"mimos": "3.0.3",
				"podium": "1.3.0",
				"shot": "3.4.2",
				"statehood": "5.0.3",
				"subtext": "5.0.0",
				"topo": "2.0.2"
			}
		},
		"heavy": {
			"version": "4.0.4",
			"resolved": "https://registry.npmjs.org/heavy/-/heavy-4.0.4.tgz",
			"integrity": "sha1-NskTNsAMz+hSyqTRUwhjNc0vAOk=",
			"requires": {
				"boom": "5.2.0",
				"hoek": "4.2.0",
				"joi": "10.6.0"
			},
			"dependencies": {
				"joi": {
					"version": "10.6.0",
					"resolved": "https://registry.npmjs.org/joi/-/joi-10.6.0.tgz",
					"integrity": "sha512-hBF3LcqyAid+9X/pwg+eXjD2QBZI5eXnBFJYaAkH4SK3mp9QSRiiQnDYlmlz5pccMvnLcJRS4whhDOTCkmsAdQ==",
					"requires": {
						"hoek": "4.2.0",
						"isemail": "2.2.1",
						"items": "2.1.1",
						"topo": "2.0.2"
					}
				}
			}
		},
		"hoek": {
			"version": "4.2.0",
			"resolved": "https://registry.npmjs.org/hoek/-/hoek-4.2.0.tgz",
			"integrity": "sha512-v0XCLxICi9nPfYrS9RL8HbYnXi9obYAeLbSP00BmnZwCK9+Ih9WOjoZ8YoHCoav2csqn4FOz4Orldsy2dmDwmQ=="
		},
		"iron": {
			"version": "4.0.5",
			"resolved": "https://registry.npmjs.org/iron/-/iron-4.0.5.tgz",
			"integrity": "sha1-TwQszri5c480a1mqc0yDqJvDFCg=",
			"requires": {
				"boom": "5.2.0",
				"cryptiles": "3.1.2",
				"hoek": "4.2.0"
			}
		},
		"isemail": {
			"version": "2.2.1",
			"resolved": "https://registry.npmjs.org/isemail/-/isemail-2.2.1.tgz",
			"integrity": "sha1-A1PT2aYpUQgMJiwqoKQrjqjp4qY="
		},
		"items": {
			"version": "2.1.1",
			"resolved": "https://registry.npmjs.org/items/-/items-2.1.1.tgz",
			"integrity": "sha1-i9FtnIOxlSneWuoyGsqtp4NkoZg="
		},
		"joi": {
			"version": "11.4.0",
			"resolved": "https://registry.npmjs.org/joi/-/joi-11.4.0.tgz",
			"integrity": "sha512-O7Uw+w/zEWgbL6OcHbyACKSj0PkQeUgmehdoXVSxt92QFCq4+1390Rwh5moI2K/OgC7D8RHRZqHZxT2husMJHA==",
			"requires": {
				"hoek": "4.2.0",
				"isemail": "3.1.0",
				"topo": "2.0.2"
			},
			"dependencies": {
				"isemail": {
					"version": "3.1.0",
					"resolved": "https://registry.npmjs.org/isemail/-/isemail-3.1.0.tgz",
					"integrity": "sha512-Ke15MBbbhyIhZzWheiWuRlTO81tTH4RQvrbJFpVzJce8oyVrCVSDdrcw4TcyMsaS/fMGJSbU3lTsqCGDKwrzww==",
					"requires": {
						"punycode": "2.1.0"
					}
				}
			}
		},
		"mime-db": {
			"version": "1.32.0",
			"resolved": "https://registry.npmjs.org/mime-db/-/mime-db-1.32.0.tgz",
			"integrity": "sha512-+ZWo/xZN40Tt6S+HyakUxnSOgff+JEdaneLWIm0Z6LmpCn5DMcZntLyUY5c/rTDog28LhXLKOUZKoTxTCAdBVw=="
		},
		"mimos": {
			"version": "3.0.3",
			"resolved": "https://registry.npmjs.org/mimos/-/mimos-3.0.3.tgz",
			"integrity": "sha1-uRCQcq03jCty9qAQHEPd+ys2ZB8=",
			"requires": {
				"hoek": "4.2.0",
				"mime-db": "1.32.0"
			}
		},
		"nigel": {
			"version": "2.0.2",
			"resolved": "https://registry.npmjs.org/nigel/-/nigel-2.0.2.tgz",
			"integrity": "sha1-k6GGb7DFLYc5CqdeKxYfS1x15bE=",
			"requires": {
				"hoek": "4.2.0",
				"vise": "2.0.2"
			}
		},
		"pez": {
			"version": "2.1.5",
			"resolved": "https://registry.npmjs.org/pez/-/pez-2.1.5.tgz",
			"integrity": "sha1-XsLMYlAMw+tCNtSkFM9aF7XrUAc=",
			"requires": {
				"b64": "3.0.3",
				"boom": "5.2.0",
				"content": "3.0.6",
				"hoek": "4.2.0",
				"nigel": "2.0.2"
			}
		},
		"podium": {
			"version": "1.3.0",
			"resolved": "https://registry.npmjs.org/podium/-/podium-1.3.0.tgz",
			"integrity": "sha512-ZIujqk1pv8bRZNVxwwwq0BhXilZ2udycQT3Kp8ah3f3TcTmVg7ILJsv/oLf47gRa2qeiP584lNq+pfvS9U3aow==",
			"requires": {
				"hoek": "4.2.0",
				"items": "2.1.1",
				"joi": "10.6.0"
			},
			"dependencies": {
				"joi": {
					"version": "10.6.0",
					"resolved": "https://registry.npmjs.org/joi/-/joi-10.6.0.tgz",
					"integrity": "sha512-hBF3LcqyAid+9X/pwg+eXjD2QBZI5eXnBFJYaAkH4SK3mp9QSRiiQnDYlmlz5pccMvnLcJRS4whhDOTCkmsAdQ==",
					"requires": {
						"hoek": "4.2.0",
						"isemail": "2.2.1",
						"items": "2.1.1",
						"topo": "2.0.2"
					}
				}
			}
		},
		"punycode": {
			"version": "2.1.0",
			"resolved": "https://registry.npmjs.org/punycode/-/punycode-2.1.0.tgz",
			"integrity": "sha1-X4Y+3Im5bbCQdLrXlHvwkFbKTn0="
		},
		"shot": {
			"version": "3.4.2",
			"resolved": "https://registry.npmjs.org/shot/-/shot-3.4.2.tgz",
			"integrity": "sha1-Hlw/bysmZJrcQvfrNQIUpaApHWc=",
			"requires": {
				"hoek": "4.2.0",
				"joi": "10.6.0"
			},
			"dependencies": {
				"joi": {
					"version": "10.6.0",
					"resolved": "https://registry.npmjs.org/joi/-/joi-10.6.0.tgz",
					"integrity": "sha512-hBF3LcqyAid+9X/pwg+eXjD2QBZI5eXnBFJYaAkH4SK3mp9QSRiiQnDYlmlz5pccMvnLcJRS4whhDOTCkmsAdQ==",
					"requires": {
						"hoek": "4.2.0",
						"isemail": "2.2.1",
						"items": "2.1.1",
						"topo": "2.0.2"
					}
				}
			}
		},
		"statehood": {
			"version": "5.0.3",
			"resolved": "https://registry.npmjs.org/statehood/-/statehood-5.0.3.tgz",
			"integrity": "sha512-YrPrCt10t3ImH/JMO5szSwX7sCm8HoqVl3VFLOa9EZ1g/qJx/ZmMhN+2uzPPB/vaU6hpkJpXxcBWsgIkkG+MXA==",
			"requires": {
				"boom": "5.2.0",
				"cryptiles": "3.1.2",
				"hoek": "4.2.0",
				"iron": "4.0.5",
				"items": "2.1.1",
				"joi": "10.6.0"
			},
			"dependencies": {
				"joi": {
					"version": "10.6.0",
					"resolved": "https://registry.npmjs.org/joi/-/joi-10.6.0.tgz",
					"integrity": "sha512-hBF3LcqyAid+9X/pwg+eXjD2QBZI5eXnBFJYaAkH4SK3mp9QSRiiQnDYlmlz5pccMvnLcJRS4whhDOTCkmsAdQ==",
					"requires": {
						"hoek": "4.2.0",
						"isemail": "2.2.1",
						"items": "2.1.1",
						"topo": "2.0.2"
					}
				}
			}
		},
		"subtext": {
			"version": "5.0.0",
			"resolved": "https://registry.npmjs.org/subtext/-/subtext-5.0.0.tgz",
			"integrity": "sha512-2nXG1G1V+K64Z20cQII7k0s38J2DSycMXBLMAk9RXUFG0uAkAbLSVoa88croX9VhTdBCJbLAe9g6LmzKwpJhhQ==",
			"requires": {
				"boom": "5.2.0",
				"content": "3.0.6",
				"hoek": "4.2.0",
				"pez": "2.1.5",
				"wreck": "12.5.1"
			}
		},
		"topo": {
			"version": "2.0.2",
			"resolved": "https://registry.npmjs.org/topo/-/topo-2.0.2.tgz",
			"integrity": "sha1-zVYVdSU5BXwNwEkaYhw7xvvh0YI=",
			"requires": {
				"hoek": "4.2.0"
			}
		},
		"vise": {
			"version": "2.0.2",
			"resolved": "https://registry.npmjs.org/vise/-/vise-2.0.2.tgz",
			"integrity": "sha1-awjo+0y3bjpQzW3Q7DczjoEaDTk=",
			"requires": {
				"hoek": "4.2.0"
			}
		},
		"wreck": {
			"version": "12.5.1",
			"resolved": "https://registry.npmjs.org/wreck/-/wreck-12.5.1.tgz",
			"integrity": "sha512-l5DUGrc+yDyIflpty1x9XuMj1ehVjC/dTbF3/BasOO77xk0EdEa4M/DuOY8W88MQDAD0fEDqyjc8bkIMHd2E9A==",
			"requires": {
				"boom": "5.2.0",
				"hoek": "4.2.0"
			}
		}
	}
}
