{
	"name": "coinstac-server",
	"version": "5.1.0",
	"lockfileVersion": 1,
	"requires": true,
	"dependencies": {
		"accept": {
			"version": "2.1.4",
			"resolved": "https://registry.npmjs.org/accept/-/accept-2.1.4.tgz",
			"integrity": "sha1-iHr1TO7lx/RDBGGXHsQAxh0JrLs=",
			"requires": {
				"boom": "5.x.x",
				"hoek": "4.x.x"
			}
		},
		"ammo": {
			"version": "2.0.4",
			"resolved": "https://registry.npmjs.org/ammo/-/ammo-2.0.4.tgz",
			"integrity": "sha1-v4CqshFpjqePY+9efxE91dnokX8=",
			"requires": {
				"boom": "5.x.x",
				"hoek": "4.x.x"
			}
		},
		"axios": {
			"version": "0.19.0",
			"resolved": "https://registry.npmjs.org/axios/-/axios-0.19.0.tgz",
			"integrity": "sha512-1uvKqKQta3KBxIz14F2v06AEHZ/dIoeKfbTRkK1E5oqjDnuEerLmYTgJB5AiQZHJcljpg1TuRzdjDR06qNk0DQ==",
			"requires": {
				"follow-redirects": "1.5.10",
				"is-buffer": "^2.0.2"
			}
		},
		"b64": {
			"version": "3.0.3",
			"resolved": "https://registry.npmjs.org/b64/-/b64-3.0.3.tgz",
			"integrity": "sha512-Pbeh0i6OLubPJdIdCepn8ZQHwN2MWznZHbHABSTEfQ706ie+yuxNSaPdqX1xRatT6WanaS1EazMiSg0NUW2XxQ=="
		},
		"boom": {
			"version": "5.2.0",
			"resolved": "https://registry.npmjs.org/boom/-/boom-5.2.0.tgz",
			"integrity": "sha512-Z5BTk6ZRe4tXXQlkqftmsAUANpXmuwlsF5Oov8ThoMbQRzdGTA1ngYRW160GexgOgjsFOKJz0LYhoNi+2AMBUw==",
			"requires": {
				"hoek": "4.x.x"
			}
		},
		"bourne": {
			"version": "1.1.2",
			"resolved": "https://registry.npmjs.org/bourne/-/bourne-1.1.2.tgz",
			"integrity": "sha512-b2dgVkTZhkQirNMohgC00rWfpVqEi9y5tKM1k3JvoNx05ODtfQoPPd4js9CYFQoY0IM8LAmnJulEuWv74zjUOg=="
		},
		"call": {
			"version": "4.0.2",
			"resolved": "https://registry.npmjs.org/call/-/call-4.0.2.tgz",
			"integrity": "sha1-33b19R7o3Ui4VqyEAPfmnm1zmcQ=",
			"requires": {
				"boom": "5.x.x",
				"hoek": "4.x.x"
			}
		},
		"catbox": {
			"version": "7.1.5",
			"resolved": "https://registry.npmjs.org/catbox/-/catbox-7.1.5.tgz",
			"integrity": "sha512-4fui5lELzqZ+9cnaAP/BcqXTH6LvWLBRtFhJ0I4FfgfXiSaZcf6k9m9dqOyChiTxNYtvLk7ZMYSf7ahMq3bf5A==",
			"requires": {
				"boom": "5.x.x",
				"hoek": "4.x.x",
				"joi": "10.x.x"
			},
			"dependencies": {
				"joi": {
					"version": "10.6.0",
					"resolved": "https://registry.npmjs.org/joi/-/joi-10.6.0.tgz",
					"integrity": "sha512-hBF3LcqyAid+9X/pwg+eXjD2QBZI5eXnBFJYaAkH4SK3mp9QSRiiQnDYlmlz5pccMvnLcJRS4whhDOTCkmsAdQ==",
					"requires": {
						"hoek": "4.x.x",
						"isemail": "2.x.x",
						"items": "2.x.x",
						"topo": "2.x.x"
					}
				}
			}
		},
		"catbox-memory": {
			"version": "2.0.4",
			"resolved": "https://registry.npmjs.org/catbox-memory/-/catbox-memory-2.0.4.tgz",
			"integrity": "sha1-Qz4lWQLK9UIz0ShkKcj03xToItU=",
			"requires": {
				"hoek": "4.x.x"
			}
		},
		"commander": {
			"version": "6.1.0",
			"resolved": "https://registry.npmjs.org/commander/-/commander-6.1.0.tgz",
			"integrity": "sha512-wl7PNrYWd2y5mp1OK/LhTlv8Ff4kQJQRXXAvF+uU/TPNiVJUxZLRYGj/B0y/lPGAVcSbJqH2Za/cvHmrPMC8mA=="
		},
		"content": {
			"version": "3.0.7",
			"resolved": "https://registry.npmjs.org/content/-/content-3.0.7.tgz",
			"integrity": "sha512-LXtnSnvE+Z1Cjpa3P9gh9kb396qV4MqpfwKy777BOSF8n6nw2vAi03tHNl0/XRqZUyzVzY/+nMXOZVnEapWzdg==",
			"requires": {
				"boom": "5.x.x"
			}
		},
		"cryptiles": {
			"version": "3.1.4",
			"resolved": "https://registry.npmjs.org/cryptiles/-/cryptiles-3.1.4.tgz",
			"integrity": "sha512-8I1sgZHfVwcSOY6mSGpVU3lw/GSIZvusg8dD2+OGehCJpOhQRLNcH0qb9upQnOH4XhgxxFJSg6E2kx95deb1Tw==",
			"requires": {
				"boom": "5.x.x"
			}
		},
		"debug": {
			"version": "3.1.0",
			"resolved": "https://registry.npmjs.org/debug/-/debug-3.1.0.tgz",
			"integrity": "sha512-OX8XqP7/1a9cqkxYw2yXss15f26NKWBpDXQd0/uK/KPqdQhxbPa994hnzjcE2VqQpDslf55723cKPUOGSmMY3g==",
			"requires": {
				"ms": "2.0.0"
			}
		},
		"follow-redirects": {
			"version": "1.5.10",
			"resolved": "https://registry.npmjs.org/follow-redirects/-/follow-redirects-1.5.10.tgz",
			"integrity": "sha512-0V5l4Cizzvqt5D44aTXbFZz+FtyXV1vrDN6qrelxtfYQKW0KO0W2T/hkE8xvGa/540LkZlkaUjO4ailYTFtHVQ==",
			"requires": {
				"debug": "=3.1.0"
			}
		},
		"hapi": {
			"version": "16.7.0",
			"resolved": "https://registry.npmjs.org/hapi/-/hapi-16.7.0.tgz",
			"integrity": "sha512-UeMX1LMWmHEIgMlwZGK/3lhI7X0VRvOioVply0Y9qF+/O5woGdQzNB8ZmDnLOBjnB6bdWWHyo5DEamuCsE1vmg==",
			"requires": {
				"accept": "2.x.x",
				"ammo": "2.x.x",
				"boom": "5.x.x",
				"call": "4.x.x",
				"catbox": "7.x.x",
				"catbox-memory": "2.x.x",
				"cryptiles": "3.x.x",
				"heavy": "4.x.x",
				"hoek": "4.x.x",
				"iron": "4.x.x",
				"items": "2.x.x",
				"joi": "11.x.x",
				"mimos": "3.x.x",
				"podium": "1.x.x",
				"shot": "3.x.x",
				"somever": "1.x.x",
				"statehood": "5.x.x",
				"subtext": "5.x.x",
				"topo": "2.x.x"
			}
		},
		"heavy": {
			"version": "4.0.4",
			"resolved": "https://registry.npmjs.org/heavy/-/heavy-4.0.4.tgz",
			"integrity": "sha1-NskTNsAMz+hSyqTRUwhjNc0vAOk=",
			"requires": {
				"boom": "5.x.x",
				"hoek": "4.x.x",
				"joi": "10.x.x"
			},
			"dependencies": {
				"joi": {
					"version": "10.6.0",
					"resolved": "https://registry.npmjs.org/joi/-/joi-10.6.0.tgz",
					"integrity": "sha512-hBF3LcqyAid+9X/pwg+eXjD2QBZI5eXnBFJYaAkH4SK3mp9QSRiiQnDYlmlz5pccMvnLcJRS4whhDOTCkmsAdQ==",
					"requires": {
						"hoek": "4.x.x",
						"isemail": "2.x.x",
						"items": "2.x.x",
						"topo": "2.x.x"
					}
				}
			}
		},
		"hoek": {
			"version": "4.2.1",
			"resolved": "https://registry.npmjs.org/hoek/-/hoek-4.2.1.tgz",
			"integrity": "sha512-QLg82fGkfnJ/4iy1xZ81/9SIJiq1NGFUMGs6ParyjBZr6jW2Ufj/snDqTHixNlHdPNwN2RLVD0Pi3igeK9+JfA=="
		},
		"iron": {
			"version": "4.0.5",
			"resolved": "https://registry.npmjs.org/iron/-/iron-4.0.5.tgz",
			"integrity": "sha1-TwQszri5c480a1mqc0yDqJvDFCg=",
			"requires": {
				"boom": "5.x.x",
				"cryptiles": "3.x.x",
				"hoek": "4.x.x"
			}
		},
		"is-buffer": {
			"version": "2.0.4",
			"resolved": "https://registry.npmjs.org/is-buffer/-/is-buffer-2.0.4.tgz",
			"integrity": "sha512-Kq1rokWXOPXWuaMAqZiJW4XxsmD9zGx9q4aePabbn3qCRGedtH7Cm+zV8WETitMfu1wdh+Rvd6w5egwSngUX2A=="
		},
		"isemail": {
			"version": "2.2.1",
			"resolved": "https://registry.npmjs.org/isemail/-/isemail-2.2.1.tgz",
			"integrity": "sha1-A1PT2aYpUQgMJiwqoKQrjqjp4qY="
		},
		"items": {
			"version": "2.1.2",
			"resolved": "https://registry.npmjs.org/items/-/items-2.1.2.tgz",
			"integrity": "sha512-kezcEqgB97BGeZZYtX/MA8AG410ptURstvnz5RAgyFZ8wQFPMxHY8GpTq+/ZHKT3frSlIthUq7EvLt9xn3TvXg=="
		},
		"joi": {
			"version": "11.4.0",
			"resolved": "https://registry.npmjs.org/joi/-/joi-11.4.0.tgz",
			"integrity": "sha512-O7Uw+w/zEWgbL6OcHbyACKSj0PkQeUgmehdoXVSxt92QFCq4+1390Rwh5moI2K/OgC7D8RHRZqHZxT2husMJHA==",
			"requires": {
				"hoek": "4.x.x",
				"isemail": "3.x.x",
				"topo": "2.x.x"
			},
			"dependencies": {
				"isemail": {
					"version": "3.2.0",
					"resolved": "https://registry.npmjs.org/isemail/-/isemail-3.2.0.tgz",
					"integrity": "sha512-zKqkK+O+dGqevc93KNsbZ/TqTUFd46MwWjYOoMrjIMZ51eU7DtQG3Wmd9SQQT7i7RVnuTPEiYEWHU3MSbxC1Tg==",
					"requires": {
						"punycode": "2.x.x"
					}
				}
			}
		},
		"mime-db": {
			"version": "1.42.0",
			"resolved": "https://registry.npmjs.org/mime-db/-/mime-db-1.42.0.tgz",
			"integrity": "sha512-UbfJCR4UAVRNgMpfImz05smAXK7+c+ZntjaA26ANtkXLlOe947Aag5zdIcKQULAiF9Cq4WxBi9jUs5zkA84bYQ=="
		},
		"mimos": {
			"version": "3.0.3",
			"resolved": "https://registry.npmjs.org/mimos/-/mimos-3.0.3.tgz",
			"integrity": "sha1-uRCQcq03jCty9qAQHEPd+ys2ZB8=",
			"requires": {
				"hoek": "4.x.x",
				"mime-db": "1.x.x"
			}
		},
		"ms": {
			"version": "2.0.0",
			"resolved": "https://registry.npmjs.org/ms/-/ms-2.0.0.tgz",
			"integrity": "sha1-VgiurfwAvmwpAd9fmGF4jeDVl8g="
		},
		"nigel": {
			"version": "2.0.2",
			"resolved": "https://registry.npmjs.org/nigel/-/nigel-2.0.2.tgz",
			"integrity": "sha1-k6GGb7DFLYc5CqdeKxYfS1x15bE=",
			"requires": {
				"hoek": "4.x.x",
				"vise": "2.x.x"
			}
		},
		"pez": {
			"version": "2.1.5",
			"resolved": "https://registry.npmjs.org/pez/-/pez-2.1.5.tgz",
			"integrity": "sha1-XsLMYlAMw+tCNtSkFM9aF7XrUAc=",
			"requires": {
				"b64": "3.x.x",
				"boom": "5.x.x",
				"content": "3.x.x",
				"hoek": "4.x.x",
				"nigel": "2.x.x"
			}
		},
		"podium": {
			"version": "1.3.0",
			"resolved": "https://registry.npmjs.org/podium/-/podium-1.3.0.tgz",
			"integrity": "sha512-ZIujqk1pv8bRZNVxwwwq0BhXilZ2udycQT3Kp8ah3f3TcTmVg7ILJsv/oLf47gRa2qeiP584lNq+pfvS9U3aow==",
			"requires": {
				"hoek": "4.x.x",
				"items": "2.x.x",
				"joi": "10.x.x"
			},
			"dependencies": {
				"joi": {
					"version": "10.6.0",
					"resolved": "https://registry.npmjs.org/joi/-/joi-10.6.0.tgz",
					"integrity": "sha512-hBF3LcqyAid+9X/pwg+eXjD2QBZI5eXnBFJYaAkH4SK3mp9QSRiiQnDYlmlz5pccMvnLcJRS4whhDOTCkmsAdQ==",
					"requires": {
						"hoek": "4.x.x",
						"isemail": "2.x.x",
						"items": "2.x.x",
						"topo": "2.x.x"
					}
				}
			}
		},
		"punycode": {
			"version": "2.1.1",
			"resolved": "https://registry.npmjs.org/punycode/-/punycode-2.1.1.tgz",
			"integrity": "sha512-XRsRjdf+j5ml+y/6GKHPZbrF/8p2Yga0JPtdqTIY2Xe5ohJPD9saDJJLPvp9+NSBprVvevdXZybnj2cv8OEd0A=="
		},
		"shot": {
			"version": "3.4.2",
			"resolved": "https://registry.npmjs.org/shot/-/shot-3.4.2.tgz",
			"integrity": "sha1-Hlw/bysmZJrcQvfrNQIUpaApHWc=",
			"requires": {
				"hoek": "4.x.x",
				"joi": "10.x.x"
			},
			"dependencies": {
				"joi": {
					"version": "10.6.0",
					"resolved": "https://registry.npmjs.org/joi/-/joi-10.6.0.tgz",
					"integrity": "sha512-hBF3LcqyAid+9X/pwg+eXjD2QBZI5eXnBFJYaAkH4SK3mp9QSRiiQnDYlmlz5pccMvnLcJRS4whhDOTCkmsAdQ==",
					"requires": {
						"hoek": "4.x.x",
						"isemail": "2.x.x",
						"items": "2.x.x",
						"topo": "2.x.x"
					}
				}
			}
		},
		"somever": {
			"version": "1.0.1",
			"resolved": "https://registry.npmjs.org/somever/-/somever-1.0.1.tgz",
			"integrity": "sha512-PCDMBcega4n7wuBUKmkiXidF3cOwtHHGg2qJYl0Rkw7StZqORoCgqce7HUuWNta/NAiQhwLDezNnTANxEWPCGA==",
			"requires": {
				"hoek": "4.x.x"
			}
		},
		"statehood": {
			"version": "5.0.4",
			"resolved": "https://registry.npmjs.org/statehood/-/statehood-5.0.4.tgz",
			"integrity": "sha512-6/feFLqqHylvA/dHwJA0DgXvbEcKgbhRUeljsuu6+cIr8PO88nax7Wc+celZlPTncqT2arsxXL8P329Q1yfe9Q==",
			"requires": {
				"boom": "5.x.x",
				"bourne": "1.x.x",
				"cryptiles": "3.x.x",
				"hoek": "4.x.x",
				"iron": "4.x.x",
				"items": "2.x.x",
				"joi": "12.x.x"
			},
			"dependencies": {
				"isemail": {
					"version": "3.2.0",
					"resolved": "https://registry.npmjs.org/isemail/-/isemail-3.2.0.tgz",
					"integrity": "sha512-zKqkK+O+dGqevc93KNsbZ/TqTUFd46MwWjYOoMrjIMZ51eU7DtQG3Wmd9SQQT7i7RVnuTPEiYEWHU3MSbxC1Tg==",
					"requires": {
						"punycode": "2.x.x"
					}
				},
				"joi": {
					"version": "12.0.0",
					"resolved": "https://registry.npmjs.org/joi/-/joi-12.0.0.tgz",
					"integrity": "sha512-z0FNlV4NGgjQN1fdtHYXf5kmgludM65fG/JlXzU6+rwkt9U5UWuXVYnXa2FpK0u6+qBuCmrm5byPNuiiddAHvQ==",
					"requires": {
						"hoek": "4.x.x",
						"isemail": "3.x.x",
						"topo": "2.x.x"
					}
				}
			}
		},
		"subtext": {
			"version": "5.0.1",
			"resolved": "https://registry.npmjs.org/subtext/-/subtext-5.0.1.tgz",
			"integrity": "sha512-zH/jaUKJ/bkrTpEe3zuTFIRnqAwv5xcGpXA2JaxEc30KRAT4k78jZnRqM45snjBSZAuvpI8chRUh1VZprcUVfw==",
			"requires": {
				"boom": "5.x.x",
				"bourne": "1.x.x",
				"content": "3.x.x",
				"hoek": "4.x.x",
				"pez": "2.x.x",
				"wreck": "12.x.x"
			}
		},
		"topo": {
			"version": "2.0.2",
			"resolved": "https://registry.npmjs.org/topo/-/topo-2.0.2.tgz",
			"integrity": "sha1-zVYVdSU5BXwNwEkaYhw7xvvh0YI=",
			"requires": {
				"hoek": "4.x.x"
			}
		},
		"vise": {
			"version": "2.0.2",
			"resolved": "https://registry.npmjs.org/vise/-/vise-2.0.2.tgz",
			"integrity": "sha1-awjo+0y3bjpQzW3Q7DczjoEaDTk=",
			"requires": {
				"hoek": "4.x.x"
			}
		},
		"wreck": {
			"version": "12.5.1",
			"resolved": "https://registry.npmjs.org/wreck/-/wreck-12.5.1.tgz",
			"integrity": "sha512-l5DUGrc+yDyIflpty1x9XuMj1ehVjC/dTbF3/BasOO77xk0EdEa4M/DuOY8W88MQDAD0fEDqyjc8bkIMHd2E9A==",
			"requires": {
				"boom": "5.x.x",
				"hoek": "4.x.x"
			}
		}
	}
}
